
Microsoft Visual Studio Solution File, Format Version 12.00
# Visual Studio Version 17
VisualStudioVersion = 17.0.31903.59
MinimumVisualStudioVersion = 10.0.40219.1
Project("{9A19103F-16F7-4668-BE54-9A1E7A4F7556}") = "GoCourtWebAPI", "GoCourtWebAPI\GoCourtWebAPI.csproj", "{D8377D0A-4C5E-4EA5-8235-1CE37D7C6F45}"
EndProject
Project("{9A19103F-16F7-4668-BE54-9A1E7A4F7556}") = "GoCourtWebAPI.DAL", "GoCourtWebAPI.DAL\GoCourtWebAPI.DAL.csproj", "{DAAD332C-8765-4191-9214-B831DBCE19F0}"
EndProject
Project("{9A19103F-16F7-4668-BE54-9A1E7A4F7556}") = "GoCourtWebAPI.LogicLayer", "GoCourtWebAPI.LogicLayer\GoCourtWebAPI.LogicLayer.csproj", "{276A38C5-843B-4BE4-A9E8-9D14C4BCAD4A}"
EndProject
Global
	GlobalSection(SolutionConfigurationPlatforms) = preSolution
		Debug|Any CPU = Debug|Any CPU
		Release|Any CPU = Release|Any CPU
	EndGlobalSection
	GlobalSection(ProjectConfigurationPlatforms) = postSolution
		{D8377D0A-4C5E-4EA5-8235-1CE37D7C6F45}.Debug|Any CPU.ActiveCfg = Debug|Any CPU
		{D8377D0A-4C5E-4EA5-8235-1CE37D7C6F45}.Debug|Any CPU.Build.0 = Debug|Any CPU
		{D8377D0A-4C5E-4EA5-8235-1CE37D7C6F45}.Release|Any CPU.ActiveCfg = Release|Any CPU
		{D8377D0A-4C5E-4EA5-8235-1CE37D7C6F45}.Release|Any CPU.Build.0 = Release|Any CPU
		{DAAD332C-8765-4191-9214-B831DBCE19F0}.Debug|Any CPU.ActiveCfg = Debug|Any CPU
		{DAAD332C-8765-4191-9214-B831DBCE19F0}.Debug|Any CPU.Build.0 = Debug|Any CPU
		{DAAD332C-8765-4191-9214-B831DBCE19F0}.Release|Any CPU.ActiveCfg = Release|Any CPU
		{DAAD332C-8765-4191-9214-B831DBCE19F0}.Release|Any CPU.Build.0 = Release|Any CPU
		{276A38C5-843B-4BE4-A9E8-9D14C4BCAD4A}.Debug|Any CPU.ActiveCfg = Debug|Any CPU
		{276A38C5-843B-4BE4-A9E8-9D14C4BCAD4A}.Debug|Any CPU.Build.0 = Debug|Any CPU
		{276A38C5-843B-4BE4-A9E8-9D14C4BCAD4A}.Release|Any CPU.ActiveCfg = Release|Any CPU
		{276A38C5-843B-4BE4-A9E8-9D14C4BCAD4A}.Release|Any CPU.Build.0 = Release|Any CPU
	EndGlobalSection
	GlobalSection(SolutionProperties) = preSolution
		HideSolutionNode = FALSE
	EndGlobalSection
EndGlobal
